# THIS IS AN AUTOGENERATED FILE. DO NOT EDIT THIS FILE DIRECTLY.
# yarn lockfile v1


lodash.shuffle@^4.2.0:
  version "4.2.0"
  resolved "https://registry.yarnpkg.com/lodash.shuffle/-/lodash.shuffle-4.2.0.tgz#145b5053cf875f6f5c2a33f48b6e9948c6ec7b4b"
  integrity sha1-FFtQU8+HX29cKjP0i26ZSMbse0s=

lodash.take@^4.1.1:
  version "4.1.1"
  resolved "https://registry.yarnpkg.com/lodash.take/-/lodash.take-4.1.1.tgz#0b4146dcb7a70c6153495187fc10b12b71fefadf"
  integrity sha1-C0FG3LenDGFTSVGH/BCxK3H++t8=

pluralize@^7.0.0:
  version "7.0.0"
  resolved "https://registry.yarnpkg.com/pluralize/-/pluralize-7.0.0.tgz#298b89df8b93b0221dbf421ad2b1b1ea23fc6777"
  integrity sha512-ARhBOdzS3e41FbkW/XWrTEtukqqLoK5+Z/4UeDaLuSW+39JPeFgs4gCGqsrJHVZX0fUrx//4OF0K1CUGwlIFow==
